
Microsoft Visual Studio Solution File, Format Version 12.00
# Visual Studio 15
VisualStudioVersion = 15.0.26228.10
MinimumVisualStudioVersion = 10.0.40219.1
Project("{2150E333-8FDC-42A3-9474-1A3956D46DE8}") = "Solution Items", "Solution Items", "{69EE9636-55BA-49C2-827E-D5684221C345}"
	ProjectSection(SolutionItems) = preProject
		.gitignore = .gitignore
		appveyor.yml = appveyor.yml
		build.ps1 = build.ps1
		CONTRIBUTING.md = CONTRIBUTING.md
		LICENSE = LICENSE
		prebuild.ps1 = prebuild.ps1
		README.md = README.md
	EndProjectSection
EndProject
Project("{9A19103F-16F7-4668-BE54-9A1E7A4F7556}") = "YamlDotNet", "YamlDotNet\YamlDotNet.csproj", "{BF32DE1B-6276-4341-B212-F8862ADBBA7A}"
EndProject
Project("{9A19103F-16F7-4668-BE54-9A1E7A4F7556}") = "YamlDotNet.Test", "YamlDotNet.Test\YamlDotNet.Test.csproj", "{A9F67018-0240-4D16-A4EA-BCB780D0AF05}"
EndProject
Project("{2150E333-8FDC-42A3-9474-1A3956D46DE8}") = "PerformanceTests", "PerformanceTests", "{FFEB1B4B-D432-4268-B690-CD16598807CA}"
EndProject
Project("{FAE04EC0-301F-11D3-BF4B-00C04F79EFBC}") = "YamlDotNet.PerformanceTests.Lib", "PerformanceTests\YamlDotNet.PerformanceTests.Lib\YamlDotNet.PerformanceTests.Lib.csproj", "{773B71D6-FEE5-4E4D-8717-5C5EF58D6F17}"
EndProject
Project("{FAE04EC0-301F-11D3-BF4B-00C04F79EFBC}") = "YamlDotNet.PerformanceTests.Runner", "PerformanceTests\YamlDotNet.PerformanceTests.Runner\YamlDotNet.PerformanceTests.Runner.csproj", "{A5C7D77C-0F08-4647-8376-3719BD6DEBD9}"
EndProject
Project("{FAE04EC0-301F-11D3-BF4B-00C04F79EFBC}") = "YamlDotNet.PerformanceTests.v1.2.1", "PerformanceTests\YamlDotNet.PerformanceTests.v1.2.1\YamlDotNet.PerformanceTests.v1.2.1.csproj", "{0FB497EA-A116-406A-AE8C-A24933D8CB21}"
EndProject
Project("{FAE04EC0-301F-11D3-BF4B-00C04F79EFBC}") = "YamlDotNet.PerformanceTests.v2.2.0", "PerformanceTests\YamlDotNet.PerformanceTests.v2.2.0\YamlDotNet.PerformanceTests.v2.2.0.csproj", "{C6E0B465-8422-4D6B-85CE-C59724A28E1F}"
EndProject
Project("{FAE04EC0-301F-11D3-BF4B-00C04F79EFBC}") = "YamlDotNet.PerformanceTests.v2.3.0", "PerformanceTests\YamlDotNet.PerformanceTests.v2.3.0\YamlDotNet.PerformanceTests.v2.3.0.csproj", "{BE49A287-5F47-4E3B-90EB-97B51451934C}"
EndProject
Project("{FAE04EC0-301F-11D3-BF4B-00C04F79EFBC}") = "YamlDotNet.PerformanceTests.vlatest", "PerformanceTests\YamlDotNet.PerformanceTests.vlatest\YamlDotNet.PerformanceTests.vlatest.csproj", "{91A1F4BC-65C0-42E6-B5FD-320A2D59AF71}"
EndProject
Project("{FAE04EC0-301F-11D3-BF4B-00C04F79EFBC}") = "YamlDotNet.AotTest", "YamlDotNet.AotTest\YamlDotNet.AotTest.csproj", "{DF989FD9-3A2C-4807-A5D3-A8E755CA6648}"
EndProject
Project("{FAE04EC0-301F-11D3-BF4B-00C04F79EFBC}") = "YamlDotNet.PerformanceTests.v3.8.0", "PerformanceTests\YamlDotNet.PerformanceTests.v3.8.0\YamlDotNet.PerformanceTests.v3.8.0.csproj", "{CE856C44-2FE0-4AFA-99CE-F8A076F1BA11}"
EndProject
Project("{FAE04EC0-301F-11D3-BF4B-00C04F79EFBC}") = "YamlDotNet.Samples", "YamlDotNet.Samples\YamlDotNet.Samples.csproj", "{689D2A30-C52E-4CF8-8BA1-3178F4EB245A}"
EndProject
Project("{FAE04EC0-301F-11D3-BF4B-00C04F79EFBC}") = "YamlDotNet.PerformanceTests.v4.0.0", "PerformanceTests\YamlDotNet.PerformanceTests.v4.0.0\YamlDotNet.PerformanceTests.v4.0.0.csproj", "{747DD2E9-2A0A-4D5E-8D97-85AA9AC5A036}"
EndProject
Global
	GlobalSection(SolutionConfigurationPlatforms) = preSolution
		Debug|Any CPU = Debug|Any CPU
		Debug-AOT|Any CPU = Debug-AOT|Any CPU
		Debug-Net20|Any CPU = Debug-Net20|Any CPU
		Debug-UnitySubset-v35|Any CPU = Debug-UnitySubset-v35|Any CPU
		PerformanceTests|Any CPU = PerformanceTests|Any CPU
		Release-DotNetStandard-Signed|Any CPU = Release-DotNetStandard-Signed|Any CPU
		Release-DotNetStandard-Unsigned|Any CPU = Release-DotNetStandard-Unsigned|Any CPU
		Release-Net20-Unsigned|Any CPU = Release-Net20-Unsigned|Any CPU
		Release-Portable-Signed|Any CPU = Release-Portable-Signed|Any CPU
		Release-Portable-Unsigned|Any CPU = Release-Portable-Unsigned|Any CPU
		Release-Signed|Any CPU = Release-Signed|Any CPU
		Release-UnitySubset-v35|Any CPU = Release-UnitySubset-v35|Any CPU
		Release-Unsigned|Any CPU = Release-Unsigned|Any CPU
	EndGlobalSection
	GlobalSection(ProjectConfigurationPlatforms) = postSolution
		{BF32DE1B-6276-4341-B212-F8862ADBBA7A}.Debug|Any CPU.ActiveCfg = Debug|Any CPU
		{BF32DE1B-6276-4341-B212-F8862ADBBA7A}.Debug|Any CPU.Build.0 = Debug|Any CPU
		{BF32DE1B-6276-4341-B212-F8862ADBBA7A}.Debug-AOT|Any CPU.ActiveCfg = Debug-AOT|Any CPU
		{BF32DE1B-6276-4341-B212-F8862ADBBA7A}.Debug-AOT|Any CPU.Build.0 = Debug-AOT|Any CPU
		{BF32DE1B-6276-4341-B212-F8862ADBBA7A}.Debug-Net20|Any CPU.ActiveCfg = Debug-Net20|Any CPU
		{BF32DE1B-6276-4341-B212-F8862ADBBA7A}.Debug-Net20|Any CPU.Build.0 = Debug-Net20|Any CPU
		{BF32DE1B-6276-4341-B212-F8862ADBBA7A}.Debug-UnitySubset-v35|Any CPU.ActiveCfg = Debug-UnitySubset-v35|Any CPU
		{BF32DE1B-6276-4341-B212-F8862ADBBA7A}.Debug-UnitySubset-v35|Any CPU.Build.0 = Debug-UnitySubset-v35|Any CPU
		{BF32DE1B-6276-4341-B212-F8862ADBBA7A}.PerformanceTests|Any CPU.ActiveCfg = Release-Unsigned|Any CPU
		{BF32DE1B-6276-4341-B212-F8862ADBBA7A}.PerformanceTests|Any CPU.Build.0 = Release-Unsigned|Any CPU
		{BF32DE1B-6276-4341-B212-F8862ADBBA7A}.Release-DotNetStandard-Signed|Any CPU.ActiveCfg = Release-DotNetStandard-Signed|Any CPU
		{BF32DE1B-6276-4341-B212-F8862ADBBA7A}.Release-DotNetStandard-Signed|Any CPU.Build.0 = Release-DotNetStandard-Signed|Any CPU
		{BF32DE1B-6276-4341-B212-F8862ADBBA7A}.Release-DotNetStandard-Unsigned|Any CPU.ActiveCfg = Release-DotNetStandard-Unsigned|Any CPU
		{BF32DE1B-6276-4341-B212-F8862ADBBA7A}.Release-DotNetStandard-Unsigned|Any CPU.Build.0 = Release-DotNetStandard-Unsigned|Any CPU
		{BF32DE1B-6276-4341-B212-F8862ADBBA7A}.Release-Net20-Unsigned|Any CPU.ActiveCfg = Release-Net20-Unsigned|Any CPU
		{BF32DE1B-6276-4341-B212-F8862ADBBA7A}.Release-Net20-Unsigned|Any CPU.Build.0 = Release-Net20-Unsigned|Any CPU
		{BF32DE1B-6276-4341-B212-F8862ADBBA7A}.Release-Portable-Signed|Any CPU.ActiveCfg = Release-Portable-Signed|Any CPU
		{BF32DE1B-6276-4341-B212-F8862ADBBA7A}.Release-Portable-Signed|Any CPU.Build.0 = Release-Portable-Signed|Any CPU
		{BF32DE1B-6276-4341-B212-F8862ADBBA7A}.Release-Portable-Unsigned|Any CPU.ActiveCfg = Release-Portable-Unsigned|Any CPU
		{BF32DE1B-6276-4341-B212-F8862ADBBA7A}.Release-Portable-Unsigned|Any CPU.Build.0 = Release-Portable-Unsigned|Any CPU
		{BF32DE1B-6276-4341-B212-F8862ADBBA7A}.Release-Signed|Any CPU.ActiveCfg = Release-Signed|Any CPU
		{BF32DE1B-6276-4341-B212-F8862ADBBA7A}.Release-Signed|Any CPU.Build.0 = Release-Signed|Any CPU
		{BF32DE1B-6276-4341-B212-F8862ADBBA7A}.Release-UnitySubset-v35|Any CPU.ActiveCfg = Release-UnitySubset-v35|Any CPU
		{BF32DE1B-6276-4341-B212-F8862ADBBA7A}.Release-UnitySubset-v35|Any CPU.Build.0 = Release-UnitySubset-v35|Any CPU
		{BF32DE1B-6276-4341-B212-F8862ADBBA7A}.Release-Unsigned|Any CPU.ActiveCfg = Release-Unsigned|Any CPU
		{BF32DE1B-6276-4341-B212-F8862ADBBA7A}.Release-Unsigned|Any CPU.Build.0 = Release-Unsigned|Any CPU
		{A9F67018-0240-4D16-A4EA-BCB780D0AF05}.Debug|Any CPU.ActiveCfg = Debug|Any CPU
		{A9F67018-0240-4D16-A4EA-BCB780D0AF05}.Debug|Any CPU.Build.0 = Debug|Any CPU
		{A9F67018-0240-4D16-A4EA-BCB780D0AF05}.Debug-AOT|Any CPU.ActiveCfg = Debug|Any CPU
		{A9F67018-0240-4D16-A4EA-BCB780D0AF05}.Debug-Net20|Any CPU.ActiveCfg = Debug-Net20|Any CPU
		{A9F67018-0240-4D16-A4EA-BCB780D0AF05}.Debug-Net20|Any CPU.Build.0 = Debug-Net20|Any CPU
		{A9F67018-0240-4D16-A4EA-BCB780D0AF05}.Debug-UnitySubset-v35|Any CPU.ActiveCfg = Debug|Any CPU
		{A9F67018-0240-4D16-A4EA-BCB780D0AF05}.PerformanceTests|Any CPU.ActiveCfg = Release-Unsigned|Any CPU
		{A9F67018-0240-4D16-A4EA-BCB780D0AF05}.Release-DotNetStandard-Signed|Any CPU.ActiveCfg = Release-DotNetStandard-Unsigned|Any CPU
		{A9F67018-0240-4D16-A4EA-BCB780D0AF05}.Release-DotNetStandard-Unsigned|Any CPU.ActiveCfg = Release-DotNetStandard-Unsigned|Any CPU
		{A9F67018-0240-4D16-A4EA-BCB780D0AF05}.Release-DotNetStandard-Unsigned|Any CPU.Build.0 = Release-DotNetStandard-Unsigned|Any CPU
		{A9F67018-0240-4D16-A4EA-BCB780D0AF05}.Release-Net20-Unsigned|Any CPU.ActiveCfg = Release-Unsigned|Any CPU
		{A9F67018-0240-4D16-A4EA-BCB780D0AF05}.Release-Net20-Unsigned|Any CPU.Build.0 = Release-Unsigned|Any CPU
		{A9F67018-0240-4D16-A4EA-BCB780D0AF05}.Release-Portable-Signed|Any CPU.ActiveCfg = Release-Portable-Unsigned|Any CPU
		{A9F67018-0240-4D16-A4EA-BCB780D0AF05}.Release-Portable-Unsigned|Any CPU.ActiveCfg = Release-Portable-Unsigned|Any CPU
		{A9F67018-0240-4D16-A4EA-BCB780D0AF05}.Release-Portable-Unsigned|Any CPU.Build.0 = Release-Portable-Unsigned|Any CPU
		{A9F67018-0240-4D16-A4EA-BCB780D0AF05}.Release-Signed|Any CPU.ActiveCfg = Release-Unsigned|Any CPU
		{A9F67018-0240-4D16-A4EA-BCB780D0AF05}.Release-UnitySubset-v35|Any CPU.ActiveCfg = Release-Unsigned|Any CPU
		{A9F67018-0240-4D16-A4EA-BCB780D0AF05}.Release-Unsigned|Any CPU.ActiveCfg = Release-Unsigned|Any CPU
		{A9F67018-0240-4D16-A4EA-BCB780D0AF05}.Release-Unsigned|Any CPU.Build.0 = Release-Unsigned|Any CPU
		{773B71D6-FEE5-4E4D-8717-5C5EF58D6F17}.Debug|Any CPU.ActiveCfg = Debug|Any CPU
		{773B71D6-FEE5-4E4D-8717-5C5EF58D6F17}.Debug-AOT|Any CPU.ActiveCfg = Debug|Any CPU
		{773B71D6-FEE5-4E4D-8717-5C5EF58D6F17}.Debug-Net20|Any CPU.ActiveCfg = Debug|Any CPU
		{773B71D6-FEE5-4E4D-8717-5C5EF58D6F17}.Debug-UnitySubset-v35|Any CPU.ActiveCfg = Debug|Any CPU
		{773B71D6-FEE5-4E4D-8717-5C5EF58D6F17}.PerformanceTests|Any CPU.ActiveCfg = Release|Any CPU
		{773B71D6-FEE5-4E4D-8717-5C5EF58D6F17}.PerformanceTests|Any CPU.Build.0 = Release|Any CPU
		{773B71D6-FEE5-4E4D-8717-5C5EF58D6F17}.Release-DotNetStandard-Signed|Any CPU.ActiveCfg = Release|Any CPU
		{773B71D6-FEE5-4E4D-8717-5C5EF58D6F17}.Release-DotNetStandard-Unsigned|Any CPU.ActiveCfg = Release|Any CPU
		{773B71D6-FEE5-4E4D-8717-5C5EF58D6F17}.Release-Net20-Unsigned|Any CPU.ActiveCfg = Release|Any CPU
		{773B71D6-FEE5-4E4D-8717-5C5EF58D6F17}.Release-Portable-Signed|Any CPU.ActiveCfg = Release|Any CPU
		{773B71D6-FEE5-4E4D-8717-5C5EF58D6F17}.Release-Portable-Unsigned|Any CPU.ActiveCfg = Release|Any CPU
		{773B71D6-FEE5-4E4D-8717-5C5EF58D6F17}.Release-Signed|Any CPU.ActiveCfg = Release|Any CPU
		{773B71D6-FEE5-4E4D-8717-5C5EF58D6F17}.Release-UnitySubset-v35|Any CPU.ActiveCfg = Release|Any CPU
		{773B71D6-FEE5-4E4D-8717-5C5EF58D6F17}.Release-Unsigned|Any CPU.ActiveCfg = Release|Any CPU
		{A5C7D77C-0F08-4647-8376-3719BD6DEBD9}.Debug|Any CPU.ActiveCfg = Debug|Any CPU
		{A5C7D77C-0F08-4647-8376-3719BD6DEBD9}.Debug-AOT|Any CPU.ActiveCfg = Debug|Any CPU
		{A5C7D77C-0F08-4647-8376-3719BD6DEBD9}.Debug-Net20|Any CPU.ActiveCfg = Debug|Any CPU
		{A5C7D77C-0F08-4647-8376-3719BD6DEBD9}.Debug-UnitySubset-v35|Any CPU.ActiveCfg = Debug|Any CPU
		{A5C7D77C-0F08-4647-8376-3719BD6DEBD9}.PerformanceTests|Any CPU.ActiveCfg = Release|Any CPU
		{A5C7D77C-0F08-4647-8376-3719BD6DEBD9}.PerformanceTests|Any CPU.Build.0 = Release|Any CPU
		{A5C7D77C-0F08-4647-8376-3719BD6DEBD9}.Release-DotNetStandard-Signed|Any CPU.ActiveCfg = Release|Any CPU
		{A5C7D77C-0F08-4647-8376-3719BD6DEBD9}.Release-DotNetStandard-Unsigned|Any CPU.ActiveCfg = Release|Any CPU
		{A5C7D77C-0F08-4647-8376-3719BD6DEBD9}.Release-Net20-Unsigned|Any CPU.ActiveCfg = Release|Any CPU
		{A5C7D77C-0F08-4647-8376-3719BD6DEBD9}.Release-Portable-Signed|Any CPU.ActiveCfg = Release|Any CPU
		{A5C7D77C-0F08-4647-8376-3719BD6DEBD9}.Release-Portable-Unsigned|Any CPU.ActiveCfg = Release|Any CPU
		{A5C7D77C-0F08-4647-8376-3719BD6DEBD9}.Release-Signed|Any CPU.ActiveCfg = Release|Any CPU
		{A5C7D77C-0F08-4647-8376-3719BD6DEBD9}.Release-UnitySubset-v35|Any CPU.ActiveCfg = Release|Any CPU
		{A5C7D77C-0F08-4647-8376-3719BD6DEBD9}.Release-Unsigned|Any CPU.ActiveCfg = Release|Any CPU
		{0FB497EA-A116-406A-AE8C-A24933D8CB21}.Debug|Any CPU.ActiveCfg = Debug|Any CPU
		{0FB497EA-A116-406A-AE8C-A24933D8CB21}.Debug-AOT|Any CPU.ActiveCfg = Debug|Any CPU
		{0FB497EA-A116-406A-AE8C-A24933D8CB21}.Debug-Net20|Any CPU.ActiveCfg = Debug|Any CPU
		{0FB497EA-A116-406A-AE8C-A24933D8CB21}.Debug-UnitySubset-v35|Any CPU.ActiveCfg = Debug|Any CPU
		{0FB497EA-A116-406A-AE8C-A24933D8CB21}.PerformanceTests|Any CPU.ActiveCfg = Release|Any CPU
		{0FB497EA-A116-406A-AE8C-A24933D8CB21}.PerformanceTests|Any CPU.Build.0 = Release|Any CPU
		{0FB497EA-A116-406A-AE8C-A24933D8CB21}.Release-DotNetStandard-Signed|Any CPU.ActiveCfg = Release|Any CPU
		{0FB497EA-A116-406A-AE8C-A24933D8CB21}.Release-DotNetStandard-Unsigned|Any CPU.ActiveCfg = Release|Any CPU
		{0FB497EA-A116-406A-AE8C-A24933D8CB21}.Release-Net20-Unsigned|Any CPU.ActiveCfg = Release|Any CPU
		{0FB497EA-A116-406A-AE8C-A24933D8CB21}.Release-Portable-Signed|Any CPU.ActiveCfg = Release|Any CPU
		{0FB497EA-A116-406A-AE8C-A24933D8CB21}.Release-Portable-Unsigned|Any CPU.ActiveCfg = Release|Any CPU
		{0FB497EA-A116-406A-AE8C-A24933D8CB21}.Release-Signed|Any CPU.ActiveCfg = Release|Any CPU
		{0FB497EA-A116-406A-AE8C-A24933D8CB21}.Release-UnitySubset-v35|Any CPU.ActiveCfg = Release|Any CPU
		{0FB497EA-A116-406A-AE8C-A24933D8CB21}.Release-Unsigned|Any CPU.ActiveCfg = Release|Any CPU
		{C6E0B465-8422-4D6B-85CE-C59724A28E1F}.Debug|Any CPU.ActiveCfg = Debug|Any CPU
		{C6E0B465-8422-4D6B-85CE-C59724A28E1F}.Debug-AOT|Any CPU.ActiveCfg = Debug|Any CPU
		{C6E0B465-8422-4D6B-85CE-C59724A28E1F}.Debug-Net20|Any CPU.ActiveCfg = Debug|Any CPU
		{C6E0B465-8422-4D6B-85CE-C59724A28E1F}.Debug-UnitySubset-v35|Any CPU.ActiveCfg = Debug|Any CPU
		{C6E0B465-8422-4D6B-85CE-C59724A28E1F}.PerformanceTests|Any CPU.ActiveCfg = Release|Any CPU
		{C6E0B465-8422-4D6B-85CE-C59724A28E1F}.PerformanceTests|Any CPU.Build.0 = Release|Any CPU
		{C6E0B465-8422-4D6B-85CE-C59724A28E1F}.Release-DotNetStandard-Signed|Any CPU.ActiveCfg = Release|Any CPU
		{C6E0B465-8422-4D6B-85CE-C59724A28E1F}.Release-DotNetStandard-Unsigned|Any CPU.ActiveCfg = Release|Any CPU
		{C6E0B465-8422-4D6B-85CE-C59724A28E1F}.Release-Net20-Unsigned|Any CPU.ActiveCfg = Release|Any CPU
		{C6E0B465-8422-4D6B-85CE-C59724A28E1F}.Release-Portable-Signed|Any CPU.ActiveCfg = Release|Any CPU
		{C6E0B465-8422-4D6B-85CE-C59724A28E1F}.Release-Portable-Unsigned|Any CPU.ActiveCfg = Release|Any CPU
		{C6E0B465-8422-4D6B-85CE-C59724A28E1F}.Release-Signed|Any CPU.ActiveCfg = Release|Any CPU
		{C6E0B465-8422-4D6B-85CE-C59724A28E1F}.Release-UnitySubset-v35|Any CPU.ActiveCfg = Release|Any CPU
		{C6E0B465-8422-4D6B-85CE-C59724A28E1F}.Release-Unsigned|Any CPU.ActiveCfg = Release|Any CPU
		{BE49A287-5F47-4E3B-90EB-97B51451934C}.Debug|Any CPU.ActiveCfg = Debug|Any CPU
		{BE49A287-5F47-4E3B-90EB-97B51451934C}.Debug-AOT|Any CPU.ActiveCfg = Debug|Any CPU
		{BE49A287-5F47-4E3B-90EB-97B51451934C}.Debug-Net20|Any CPU.ActiveCfg = Debug|Any CPU
		{BE49A287-5F47-4E3B-90EB-97B51451934C}.Debug-UnitySubset-v35|Any CPU.ActiveCfg = Debug|Any CPU
		{BE49A287-5F47-4E3B-90EB-97B51451934C}.PerformanceTests|Any CPU.ActiveCfg = Release|Any CPU
		{BE49A287-5F47-4E3B-90EB-97B51451934C}.PerformanceTests|Any CPU.Build.0 = Release|Any CPU
		{BE49A287-5F47-4E3B-90EB-97B51451934C}.Release-DotNetStandard-Signed|Any CPU.ActiveCfg = Release|Any CPU
		{BE49A287-5F47-4E3B-90EB-97B51451934C}.Release-DotNetStandard-Unsigned|Any CPU.ActiveCfg = Release|Any CPU
		{BE49A287-5F47-4E3B-90EB-97B51451934C}.Release-Net20-Unsigned|Any CPU.ActiveCfg = Release|Any CPU
		{BE49A287-5F47-4E3B-90EB-97B51451934C}.Release-Portable-Signed|Any CPU.ActiveCfg = Release|Any CPU
		{BE49A287-5F47-4E3B-90EB-97B51451934C}.Release-Portable-Unsigned|Any CPU.ActiveCfg = Release|Any CPU
		{BE49A287-5F47-4E3B-90EB-97B51451934C}.Release-Signed|Any CPU.ActiveCfg = Release|Any CPU
		{BE49A287-5F47-4E3B-90EB-97B51451934C}.Release-UnitySubset-v35|Any CPU.ActiveCfg = Release|Any CPU
		{BE49A287-5F47-4E3B-90EB-97B51451934C}.Release-Unsigned|Any CPU.ActiveCfg = Release|Any CPU
		{91A1F4BC-65C0-42E6-B5FD-320A2D59AF71}.Debug|Any CPU.ActiveCfg = Debug|Any CPU
		{91A1F4BC-65C0-42E6-B5FD-320A2D59AF71}.Debug-AOT|Any CPU.ActiveCfg = Debug|Any CPU
		{91A1F4BC-65C0-42E6-B5FD-320A2D59AF71}.Debug-Net20|Any CPU.ActiveCfg = Debug|Any CPU
		{91A1F4BC-65C0-42E6-B5FD-320A2D59AF71}.Debug-UnitySubset-v35|Any CPU.ActiveCfg = Debug|Any CPU
		{91A1F4BC-65C0-42E6-B5FD-320A2D59AF71}.PerformanceTests|Any CPU.ActiveCfg = Release|Any CPU
		{91A1F4BC-65C0-42E6-B5FD-320A2D59AF71}.PerformanceTests|Any CPU.Build.0 = Release|Any CPU
		{91A1F4BC-65C0-42E6-B5FD-320A2D59AF71}.Release-DotNetStandard-Signed|Any CPU.ActiveCfg = Release|Any CPU
		{91A1F4BC-65C0-42E6-B5FD-320A2D59AF71}.Release-DotNetStandard-Unsigned|Any CPU.ActiveCfg = Release|Any CPU
		{91A1F4BC-65C0-42E6-B5FD-320A2D59AF71}.Release-Net20-Unsigned|Any CPU.ActiveCfg = Release|Any CPU
		{91A1F4BC-65C0-42E6-B5FD-320A2D59AF71}.Release-Portable-Signed|Any CPU.ActiveCfg = Release|Any CPU
		{91A1F4BC-65C0-42E6-B5FD-320A2D59AF71}.Release-Portable-Unsigned|Any CPU.ActiveCfg = Release|Any CPU
		{91A1F4BC-65C0-42E6-B5FD-320A2D59AF71}.Release-Signed|Any CPU.ActiveCfg = Release|Any CPU
		{91A1F4BC-65C0-42E6-B5FD-320A2D59AF71}.Release-UnitySubset-v35|Any CPU.ActiveCfg = Release|Any CPU
		{91A1F4BC-65C0-42E6-B5FD-320A2D59AF71}.Release-Unsigned|Any CPU.ActiveCfg = Release|Any CPU
		{DF989FD9-3A2C-4807-A5D3-A8E755CA6648}.Debug|Any CPU.ActiveCfg = Debug-AOT|Any CPU
		{DF989FD9-3A2C-4807-A5D3-A8E755CA6648}.Debug-AOT|Any CPU.ActiveCfg = Debug-AOT|Any CPU
		{DF989FD9-3A2C-4807-A5D3-A8E755CA6648}.Debug-AOT|Any CPU.Build.0 = Debug-AOT|Any CPU
		{DF989FD9-3A2C-4807-A5D3-A8E755CA6648}.Debug-Net20|Any CPU.ActiveCfg = Debug-AOT|Any CPU
		{DF989FD9-3A2C-4807-A5D3-A8E755CA6648}.Debug-UnitySubset-v35|Any CPU.ActiveCfg = Debug-AOT|Any CPU
		{DF989FD9-3A2C-4807-A5D3-A8E755CA6648}.PerformanceTests|Any CPU.ActiveCfg = Debug-AOT|Any CPU
		{DF989FD9-3A2C-4807-A5D3-A8E755CA6648}.Release-DotNetStandard-Signed|Any CPU.ActiveCfg = Debug-AOT|Any CPU
		{DF989FD9-3A2C-4807-A5D3-A8E755CA6648}.Release-DotNetStandard-Unsigned|Any CPU.ActiveCfg = Debug-AOT|Any CPU
		{DF989FD9-3A2C-4807-A5D3-A8E755CA6648}.Release-Net20-Unsigned|Any CPU.ActiveCfg = Debug-AOT|Any CPU
		{DF989FD9-3A2C-4807-A5D3-A8E755CA6648}.Release-Portable-Signed|Any CPU.ActiveCfg = Debug-AOT|Any CPU
		{DF989FD9-3A2C-4807-A5D3-A8E755CA6648}.Release-Portable-Unsigned|Any CPU.ActiveCfg = Debug-AOT|Any CPU
		{DF989FD9-3A2C-4807-A5D3-A8E755CA6648}.Release-Signed|Any CPU.ActiveCfg = Debug-AOT|Any CPU
		{DF989FD9-3A2C-4807-A5D3-A8E755CA6648}.Release-UnitySubset-v35|Any CPU.ActiveCfg = Debug-AOT|Any CPU
		{DF989FD9-3A2C-4807-A5D3-A8E755CA6648}.Release-Unsigned|Any CPU.ActiveCfg = Debug-AOT|Any CPU
		{CE856C44-2FE0-4AFA-99CE-F8A076F1BA11}.Debug|Any CPU.ActiveCfg = Debug|Any CPU
		{CE856C44-2FE0-4AFA-99CE-F8A076F1BA11}.Debug-AOT|Any CPU.ActiveCfg = Debug|Any CPU
		{CE856C44-2FE0-4AFA-99CE-F8A076F1BA11}.Debug-Net20|Any CPU.ActiveCfg = Debug|Any CPU
		{CE856C44-2FE0-4AFA-99CE-F8A076F1BA11}.Debug-UnitySubset-v35|Any CPU.ActiveCfg = Debug|Any CPU
		{CE856C44-2FE0-4AFA-99CE-F8A076F1BA11}.PerformanceTests|Any CPU.ActiveCfg = Release|Any CPU
		{CE856C44-2FE0-4AFA-99CE-F8A076F1BA11}.PerformanceTests|Any CPU.Build.0 = Release|Any CPU
		{CE856C44-2FE0-4AFA-99CE-F8A076F1BA11}.Release-DotNetStandard-Signed|Any CPU.ActiveCfg = Release|Any CPU
		{CE856C44-2FE0-4AFA-99CE-F8A076F1BA11}.Release-DotNetStandard-Unsigned|Any CPU.ActiveCfg = Release|Any CPU
		{CE856C44-2FE0-4AFA-99CE-F8A076F1BA11}.Release-Net20-Unsigned|Any CPU.ActiveCfg = Release|Any CPU
		{CE856C44-2FE0-4AFA-99CE-F8A076F1BA11}.Release-Portable-Signed|Any CPU.ActiveCfg = Release|Any CPU
		{CE856C44-2FE0-4AFA-99CE-F8A076F1BA11}.Release-Portable-Unsigned|Any CPU.ActiveCfg = Release|Any CPU
		{CE856C44-2FE0-4AFA-99CE-F8A076F1BA11}.Release-Signed|Any CPU.ActiveCfg = Release|Any CPU
		{CE856C44-2FE0-4AFA-99CE-F8A076F1BA11}.Release-UnitySubset-v35|Any CPU.ActiveCfg = Release|Any CPU
		{CE856C44-2FE0-4AFA-99CE-F8A076F1BA11}.Release-Unsigned|Any CPU.ActiveCfg = Release|Any CPU
		{689D2A30-C52E-4CF8-8BA1-3178F4EB245A}.Debug|Any CPU.ActiveCfg = Debug|Any CPU
		{689D2A30-C52E-4CF8-8BA1-3178F4EB245A}.Debug|Any CPU.Build.0 = Debug|Any CPU
		{689D2A30-C52E-4CF8-8BA1-3178F4EB245A}.Debug-AOT|Any CPU.ActiveCfg = Debug|Any CPU
		{689D2A30-C52E-4CF8-8BA1-3178F4EB245A}.Debug-Net20|Any CPU.ActiveCfg = Debug|Any CPU
		{689D2A30-C52E-4CF8-8BA1-3178F4EB245A}.Debug-UnitySubset-v35|Any CPU.ActiveCfg = Debug|Any CPU
		{689D2A30-C52E-4CF8-8BA1-3178F4EB245A}.PerformanceTests|Any CPU.ActiveCfg = Release-Unsigned|Any CPU
		{689D2A30-C52E-4CF8-8BA1-3178F4EB245A}.PerformanceTests|Any CPU.Build.0 = Release-Unsigned|Any CPU
		{689D2A30-C52E-4CF8-8BA1-3178F4EB245A}.Release-DotNetStandard-Signed|Any CPU.ActiveCfg = Release-Unsigned|Any CPU
		{689D2A30-C52E-4CF8-8BA1-3178F4EB245A}.Release-DotNetStandard-Signed|Any CPU.Build.0 = Release-Unsigned|Any CPU
		{689D2A30-C52E-4CF8-8BA1-3178F4EB245A}.Release-DotNetStandard-Unsigned|Any CPU.ActiveCfg = Release-Unsigned|Any CPU
		{689D2A30-C52E-4CF8-8BA1-3178F4EB245A}.Release-DotNetStandard-Unsigned|Any CPU.Build.0 = Release-Unsigned|Any CPU
		{689D2A30-C52E-4CF8-8BA1-3178F4EB245A}.Release-Net20-Unsigned|Any CPU.ActiveCfg = Release-Unsigned|Any CPU
		{689D2A30-C52E-4CF8-8BA1-3178F4EB245A}.Release-Portable-Signed|Any CPU.ActiveCfg = Release-Unsigned|Any CPU
		{689D2A30-C52E-4CF8-8BA1-3178F4EB245A}.Release-Portable-Signed|Any CPU.Build.0 = Release-Unsigned|Any CPU
		{689D2A30-C52E-4CF8-8BA1-3178F4EB245A}.Release-Portable-Unsigned|Any CPU.ActiveCfg = Release-Unsigned|Any CPU
		{689D2A30-C52E-4CF8-8BA1-3178F4EB245A}.Release-Portable-Unsigned|Any CPU.Build.0 = Release-Unsigned|Any CPU
		{689D2A30-C52E-4CF8-8BA1-3178F4EB245A}.Release-Signed|Any CPU.ActiveCfg = Release-Unsigned|Any CPU
		{689D2A30-C52E-4CF8-8BA1-3178F4EB245A}.Release-Signed|Any CPU.Build.0 = Release-Unsigned|Any CPU
		{689D2A30-C52E-4CF8-8BA1-3178F4EB245A}.Release-UnitySubset-v35|Any CPU.ActiveCfg = Release-Unsigned|Any CPU
		{689D2A30-C52E-4CF8-8BA1-3178F4EB245A}.Release-UnitySubset-v35|Any CPU.Build.0 = Release-Unsigned|Any CPU
		{689D2A30-C52E-4CF8-8BA1-3178F4EB245A}.Release-Unsigned|Any CPU.ActiveCfg = Release-Unsigned|Any CPU
		{689D2A30-C52E-4CF8-8BA1-3178F4EB245A}.Release-Unsigned|Any CPU.Build.0 = Release-Unsigned|Any CPU
		{747DD2E9-2A0A-4D5E-8D97-85AA9AC5A036}.Debug|Any CPU.ActiveCfg = Debug|Any CPU
		{747DD2E9-2A0A-4D5E-8D97-85AA9AC5A036}.Debug-AOT|Any CPU.ActiveCfg = Debug|Any CPU
		{747DD2E9-2A0A-4D5E-8D97-85AA9AC5A036}.Debug-Net20|Any CPU.ActiveCfg = Debug|Any CPU
		{747DD2E9-2A0A-4D5E-8D97-85AA9AC5A036}.Debug-UnitySubset-v35|Any CPU.ActiveCfg = Debug|Any CPU
		{747DD2E9-2A0A-4D5E-8D97-85AA9AC5A036}.PerformanceTests|Any CPU.ActiveCfg = Release|Any CPU
		{747DD2E9-2A0A-4D5E-8D97-85AA9AC5A036}.PerformanceTests|Any CPU.Build.0 = Release|Any CPU
		{747DD2E9-2A0A-4D5E-8D97-85AA9AC5A036}.Release-DotNetStandard-Signed|Any CPU.ActiveCfg = Release|Any CPU
		{747DD2E9-2A0A-4D5E-8D97-85AA9AC5A036}.Release-DotNetStandard-Unsigned|Any CPU.ActiveCfg = Release|Any CPU
		{747DD2E9-2A0A-4D5E-8D97-85AA9AC5A036}.Release-Net20-Unsigned|Any CPU.ActiveCfg = Release|Any CPU
		{747DD2E9-2A0A-4D5E-8D97-85AA9AC5A036}.Release-Portable-Signed|Any CPU.ActiveCfg = Release|Any CPU
		{747DD2E9-2A0A-4D5E-8D97-85AA9AC5A036}.Release-Portable-Unsigned|Any CPU.ActiveCfg = Release|Any CPU
		{747DD2E9-2A0A-4D5E-8D97-85AA9AC5A036}.Release-Signed|Any CPU.ActiveCfg = Release|Any CPU
		{747DD2E9-2A0A-4D5E-8D97-85AA9AC5A036}.Release-UnitySubset-v35|Any CPU.ActiveCfg = Release|Any CPU
		{747DD2E9-2A0A-4D5E-8D97-85AA9AC5A036}.Release-Unsigned|Any CPU.ActiveCfg = Release|Any CPU
	EndGlobalSection
	GlobalSection(SolutionProperties) = preSolution
		HideSolutionNode = FALSE
	EndGlobalSection
	GlobalSection(NestedProjects) = preSolution
		{773B71D6-FEE5-4E4D-8717-5C5EF58D6F17} = {FFEB1B4B-D432-4268-B690-CD16598807CA}
		{A5C7D77C-0F08-4647-8376-3719BD6DEBD9} = {FFEB1B4B-D432-4268-B690-CD16598807CA}
		{0FB497EA-A116-406A-AE8C-A24933D8CB21} = {FFEB1B4B-D432-4268-B690-CD16598807CA}
		{C6E0B465-8422-4D6B-85CE-C59724A28E1F} = {FFEB1B4B-D432-4268-B690-CD16598807CA}
		{BE49A287-5F47-4E3B-90EB-97B51451934C} = {FFEB1B4B-D432-4268-B690-CD16598807CA}
		{91A1F4BC-65C0-42E6-B5FD-320A2D59AF71} = {FFEB1B4B-D432-4268-B690-CD16598807CA}
		{CE856C44-2FE0-4AFA-99CE-F8A076F1BA11} = {FFEB1B4B-D432-4268-B690-CD16598807CA}
		{747DD2E9-2A0A-4D5E-8D97-85AA9AC5A036} = {FFEB1B4B-D432-4268-B690-CD16598807CA}
	EndGlobalSection
	GlobalSection(MonoDevelopProperties) = preSolution
		StartupItem = PerformanceTests\YamlDotNet.PerformanceTests.Runner\YamlDotNet.PerformanceTests.Runner.csproj
	EndGlobalSection
EndGlobal
